// !$*UTF8*$!
{
	archiveVersion = 1;
	classes = {
	};
	objectVersion = 46;
	objects = {

/* Begin PBXBuildFile section */
		A4D073F01DDB1DEF008F5D86 /* AppDelegate.swift in Sources */ = {isa = PBXBuildFile; fileRef = A4D073EF1DDB1DEF008F5D86 /* AppDelegate.swift */; };
		A4D073F21DDB1DEF008F5D86 /* ViewController.swift in Sources */ = {isa = PBXBuildFile; fileRef = A4D073F11DDB1DEF008F5D86 /* ViewController.swift */; };
		A4D073F51DDB1DEF008F5D86 /* Main.storyboard in Resources */ = {isa = PBXBuildFile; fileRef = A4D073F31DDB1DEF008F5D86 /* Main.storyboard */; };
		A4D073F71DDB1DEF008F5D86 /* Assets.xcassets in Resources */ = {isa = PBXBuildFile; fileRef = A4D073F61DDB1DEF008F5D86 /* Assets.xcassets */; };
		A4D073FA1DDB1DEF008F5D86 /* LaunchScreen.storyboard in Resources */ = {isa = PBXBuildFile; fileRef = A4D073F81DDB1DEF008F5D86 /* LaunchScreen.storyboard */; };
		A4D074061DDB4B92008F5D86 /* SearchViewController.swift in Sources */ = {isa = PBXBuildFile; fileRef = A4D074051DDB4B92008F5D86 /* SearchViewController.swift */; };
/* End PBXBuildFile section */

/* Begin PBXFileReference section */
		A4D073EC1DDB1DEF008F5D86 /* JasperScholten-pset3.app */ = {isa = PBXFileReference; explicitFileType = wrapper.application; includeInIndex = 0; path = "JasperScholten-pset3.app"; sourceTree = BUILT_PRODUCTS_DIR; };
		A4D073EF1DDB1DEF008F5D86 /* AppDelegate.swift */ = {isa = PBXFileReference; lastKnownFileType = sourcecode.swift; path = AppDelegate.swift; sourceTree = "<group>"; };
		A4D073F11DDB1DEF008F5D86 /* ViewController.swift */ = {isa = PBXFileReference; lastKnownFileType = sourcecode.swift; path = ViewController.swift; sourceTree = "<group>"; };
		A4D073F41DDB1DEF008F5D86 /* Base */ = {isa = PBXFileReference; lastKnownFileType = file.storyboard; name = Base; path = Base.lproj/Main.storyboard; sourceTree = "<group>"; };
		A4D073F61DDB1DEF008F5D86 /* Assets.xcassets */ = {isa = PBXFileReference; lastKnownFileType = folder.assetcatalog; path = Assets.xcassets; sourceTree = "<group>"; };
		A4D073F91DDB1DEF008F5D86 /* Base */ = {isa = PBXFileReference; lastKnownFileType = file.storyboard; name = Base; path = Base.lproj/LaunchScreen.storyboard; sourceTree = "<group>"; };
		A4D073FB1DDB1DEF008F5D86 /* Info.plist */ = {isa = PBXFileReference; lastKnownFileType = text.plist.xml; path = Info.plist; sourceTree = "<group>"; };
		A4D074051DDB4B92008F5D86 /* SearchViewController.swift */ = {isa = PBXFileReference; fileEncoding = 4; lastKnownFileType = sourcecode.swift; path = SearchViewController.swift; sourceTree = "<group>"; };
/* End PBXFileReference section */

/* Begin PBXFrameworksBuildPhase section */
		A4D073E91DDB1DEF008F5D86 /* Frameworks */ = {
			isa = PBXFrameworksBuildPhase;
			buildActionMask = 2147483647;
			files = (
			);
			runOnlyForDeploymentPostprocessing = 0;
		};
/* End PBXFrameworksBuildPhase section */

/* Begin PBXGroup section */
		A4D073E31DDB1DEF008F5D86 = {
			isa = PBXGroup;
			children = (
				A4D073EE1DDB1DEF008F5D86 /* JasperScholten-pset3 */,
				A4D073ED1DDB1DEF008F5D86 /* Products */,
			);
			sourceTree = "<group>";
		};
		A4D073ED1DDB1DEF008F5D86 /* Products */ = {
			isa = PBXGroup;
			children = (
				A4D073EC1DDB1DEF008F5D86 /* JasperScholten-pset3.app */,
			);
			name = Products;
			sourceTree = "<group>";
		};
		A4D073EE1DDB1DEF008F5D86 /* JasperScholten-pset3 */ = {
			isa = PBXGroup;
			children = (
				A4D073EF1DDB1DEF008F5D86 /* AppDelegate.swift */,
				A4D073F11DDB1DEF008F5D86 /* ViewController.swift */,
				A4D074051DDB4B92008F5D86 /* SearchViewController.swift */,
				A4D073F31DDB1DEF008F5D86 /* Main.storyboard */,
				A4D073F61DDB1DEF008F5D86 /* Assets.xcassets */,
				A4D073F81DDB1DEF008F5D86 /* LaunchScreen.storyboard */,
				A4D073FB1DDB1DEF008F5D86 /* Info.plist */,
			);
			path = "JasperScholten-pset3";
			sourceTree = "<group>";
		};
/* End PBXGroup section */

/* Begin PBXNativeTarget section */
		A4D073EB1DDB1DEF008F5D86 /* JasperScholten-pset3 */ = {
			isa = PBXNativeTarget;
			buildConfigurationList = A4D073FE1DDB1DEF008F5D86 /* Build configuration list for PBXNativeTarget "JasperScholten-pset3" */;
			buildPhases = (
				A4D073E81DDB1DEF008F5D86 /* Sources */,
				A4D073E91DDB1DEF008F5D86 /* Frameworks */,
				A4D073EA1DDB1DEF008F5D86 /* Resources */,
			);
			buildRules = (
			);
			dependencies = (
			);
			name = "JasperScholten-pset3";
			productName = "JasperScholten-pset3";
			productReference = A4D073EC1DDB1DEF008F5D86 /* JasperScholten-pset3.app */;
			productType = "com.apple.product-type.application";
		};
/* End PBXNativeTarget section */

/* Begin PBXProject section */
		A4D073E41DDB1DEF008F5D86 /* Project object */ = {
			isa = PBXProject;
			attributes = {
				LastSwiftUpdateCheck = 0810;
				LastUpgradeCheck = 0810;
				ORGANIZATIONNAME = "Jasper Scholten";
				TargetAttributes = {
					A4D073EB1DDB1DEF008F5D86 = {
						CreatedOnToolsVersion = 8.1;
						DevelopmentTeam = 3F7K5ABT44;
						ProvisioningStyle = Automatic;
					};
				};
			};
			buildConfigurationList = A4D073E71DDB1DEF008F5D86 /* Build configuration list for PBXProject "JasperScholten-pset3" */;
			compatibilityVersion = "Xcode 3.2";
			developmentRegion = English;
			hasScannedForEncodings = 0;
			knownRegions = (
				en,
				Base,
			);
			mainGroup = A4D073E31DDB1DEF008F5D86;
			productRefGroup = A4D073ED1DDB1DEF008F5D86 /* Products */;
			projectDirPath = "";
			projectRoot = "";
			targets = (
				A4D073EB1DDB1DEF008F5D86 /* JasperScholten-pset3 */,
			);
		};
/* End PBXProject section */

/* Begin PBXResourcesBuildPhase section */
		A4D073EA1DDB1DEF008F5D86 /* Resources */ = {
			isa = PBXResourcesBuildPhase;
			buildActionMask = 2147483647;
			files = (
				A4D073FA1DDB1DEF008F5D86 /* LaunchScreen.storyboard in Resources */,
				A4D073F71DDB1DEF008F5D86 /* Assets.xcassets in Resources */,
				A4D073F51DDB1DEF008F5D86 /* Main.storyboard in Resources */,
			);
			runOnlyForDeploymentPostprocessing = 0;
		};
/* End PBXResourcesBuildPhase section */

/* Begin PBXSourcesBuildPhase section */
		A4D073E81DDB1DEF008F5D86 /* Sources */ = {
			isa = PBXSourcesBuildPhase;
			buildActionMask = 2147483647;
			files = (
				A4D074061DDB4B92008F5D86 /* SearchViewController.swift in Sources */,
				A4D073F21DDB1DEF008F5D86 /* ViewController.swift in Sources */,
				A4D073F01DDB1DEF008F5D86 /* AppDelegate.swift in Sources */,
			);
			runOnlyForDeploymentPostprocessing = 0;
		};
/* End PBXSourcesBuildPhase section */

/* Begin PBXVariantGroup section */
		A4D073F31DDB1DEF008F5D86 /* Main.storyboard */ = {
			isa = PBXVariantGroup;
			children = (
				A4D073F41DDB1DEF008F5D86 /* Base */,
			);
			name = Main.storyboard;
			sourceTree = "<group>";
		};
		A4D073F81DDB1DEF008F5D86 /* LaunchScreen.storyboard */ = {
			isa = PBXVariantGroup;
			children = (
				A4D073F91DDB1DEF008F5D86 /* Base */,
			);
			name = LaunchScreen.storyboard;
			sourceTree = "<group>";
		};
/* End PBXVariantGroup section */

/* Begin XCBuildConfiguration section */
		A4D073FC1DDB1DEF008F5D86 /* Debug */ = {
			isa = XCBuildConfiguration;
			buildSettings = {
				ALWAYS_SEARCH_USER_PATHS = NO;
				CLANG_ANALYZER_NONNULL = YES;
				CLANG_CXX_LANGUAGE_STANDARD = "gnu++0x";
				CLANG_CXX_LIBRARY = "libc++";
				CLANG_ENABLE_MODULES = YES;
				CLANG_ENABLE_OBJC_ARC = YES;
				CLANG_WARN_BOOL_CONVERSION = YES;
				CLANG_WARN_CONSTANT_CONVERSION = YES;
				CLANG_WARN_DIRECT_OBJC_ISA_USAGE = YES_ERROR;
				CLANG_WARN_DOCUMENTATION_COMMENTS = YES;
				CLANG_WARN_EMPTY_BODY = YES;
				CLANG_WARN_ENUM_CONVERSION = YES;
				CLANG_WARN_INFINITE_RECURSION = YES;
				CLANG_WARN_INT_CONVERSION = YES;
				CLANG_WARN_OBJC_ROOT_CLASS = YES_ERROR;
				CLANG_WARN_SUSPICIOUS_MOVES = YES;
				CLANG_WARN_UNREACHABLE_CODE = YES;
				CLANG_WARN__DUPLICATE_METHOD_MATCH = YES;
				"CODE_SIGN_IDENTITY[sdk=iphoneos*]" = "iPhone Developer";
				COPY_PHASE_STRIP = NO;
				DEBUG_INFORMATION_FORMAT = dwarf;
				ENABLE_STRICT_OBJC_MSGSEND = YES;
				ENABLE_TESTABILITY = YES;
				GCC_C_LANGUAGE_STANDARD = gnu99;
				GCC_DYNAMIC_NO_PIC = NO;
				GCC_NO_COMMON_BLOCKS = YES;
				GCC_OPTIMIZATION_LEVEL = 0;
				GCC_PREPROCESSOR_DEFINITIONS = (
					"DEBUG=1",
					"$(inherited)",
				);
				GCC_WARN_64_TO_32_BIT_CONVERSION = YES;
				GCC_WARN_ABOUT_RETURN_TYPE = YES_ERROR;
				GCC_WARN_UNDECLARED_SELECTOR = YES;
				GCC_WARN_UNINITIALIZED_AUTOS = YES_AGGRESSIVE;
				GCC_WARN_UNUSED_FUNCTION = YES;
				GCC_WARN_UNUSED_VARIABLE = YES;
				IPHONEOS_DEPLOYMENT_TARGET = 10.1;
				MTL_ENABLE_DEBUG_INFO = YES;
				ONLY_ACTIVE_ARCH = YES;
				SDKROOT = iphoneos;
				SWIFT_ACTIVE_COMPILATION_CONDITIONS = DEBUG;
				SWIFT_OPTIMIZATION_LEVEL = "-Onone";
				TARGETED_DEVICE_FAMILY = "1,2";
			};
			name = Debug;
		};
		A4D073FD1DDB1DEF008F5D86 /* Release */ = {
			isa = XCBuildConfiguration;
			buildSettings = {
				ALWAYS_SEARCH_USER_PATHS = NO;
				CLANG_ANALYZER_NONNULL = YES;
				CLANG_CXX_LANGUAGE_STANDARD = "gnu++0x";
				CLANG_CXX_LIBRARY = "libc++";
				CLANG_ENABLE_MODULES = YES;
				CLANG_ENABLE_OBJC_ARC = YES;
				CLANG_WARN_BOOL_CONVERSION = YES;
				CLANG_WARN_CONSTANT_CONVERSION = YES;
				CLANG_WARN_DIRECT_OBJC_ISA_USAGE = YES_ERROR;
				CLANG_WARN_DOCUMENTATION_COMMENTS = YES;
				CLANG_WARN_EMPTY_BODY = YES;
				CLANG_WARN_ENUM_CONVERSION = YES;
				CLANG_WARN_INFINITE_RECURSION = YES;
				CLANG_WARN_INT_CONVERSION = YES;
				CLANG_WARN_OBJC_ROOT_CLASS = YES_ERROR;
				CLANG_WARN_SUSPICIOUS_MOVES = YES;
				CLANG_WARN_UNREACHABLE_CODE = YES;
				CLANG_WARN__DUPLICATE_METHOD_MATCH = YES;
				"CODE_SIGN_IDENTITY[sdk=iphoneos*]" = "iPhone Developer";
				COPY_PHASE_STRIP = NO;
				DEBUG_INFORMATION_FORMAT = "dwarf-with-dsym";
				ENABLE_NS_ASSERTIONS = NO;
				ENABLE_STRICT_OBJC_MSGSEND = YES;
				GCC_C_LANGUAGE_STANDARD = gnu99;
				GCC_NO_COMMON_BLOCKS = YES;
				GCC_WARN_64_TO_32_BIT_CONVERSION = YES;
				GCC_WARN_ABOUT_RETURN_TYPE = YES_ERROR;
				GCC_WARN_UNDECLARED_SELECTOR = YES;
				GCC_WARN_UNINITIALIZED_AUTOS = YES_AGGRESSIVE;
				GCC_WARN_UNUSED_FUNCTION = YES;
				GCC_WARN_UNUSED_VARIABLE = YES;
				IPHONEOS_DEPLOYMENT_TARGET = 10.1;
				MTL_ENABLE_DEBUG_INFO = NO;
				SDKROOT = iphoneos;
				SWIFT_OPTIMIZATION_LEVEL = "-Owholemodule";
				TARGETED_DEVICE_FAMILY = "1,2";
				VALIDATE_PRODUCT = YES;
			};
			name = Release;
		};
		A4D073FF1DDB1DEF008F5D86 /* Debug */ = {
			isa = XCBuildConfiguration;
			buildSettings = {
				ASSETCATALOG_COMPILER_APPICON_NAME = AppIcon;
				DEVELOPMENT_TEAM = 3F7K5ABT44;
				INFOPLIST_FILE = "JasperScholten-pset3/Info.plist";
				LD_RUNPATH_SEARCH_PATHS = "$(inherited) @executable_path/Frameworks";
				PRODUCT_BUNDLE_IDENTIFIER = "nl.mprog.JasperScholten-pset3";
				PRODUCT_NAME = "$(TARGET_NAME)";
				SWIFT_VERSION = 3.0;
			};
			name = Debug;
		};
		A4D074001DDB1DEF008F5D86 /* Release */ = {
			isa = XCBuildConfiguration;
			buildSettings = {
				ASSETCATALOG_COMPILER_APPICON_NAME = AppIcon;
				DEVELOPMENT_TEAM = 3F7K5ABT44;
				INFOPLIST_FILE = "JasperScholten-pset3/Info.plist";
				LD_RUNPATH_SEARCH_PATHS = "$(inherited) @executable_path/Frameworks";
				PRODUCT_BUNDLE_IDENTIFIER = "nl.mprog.JasperScholten-pset3";
				PRODUCT_NAME = "$(TARGET_NAME)";
				SWIFT_VERSION = 3.0;
			};
			name = Release;
		};
/* End XCBuildConfiguration section */

/* Begin XCConfigurationList section */
		A4D073E71DDB1DEF008F5D86 /* Build configuration list for PBXProject "JasperScholten-pset3" */ = {
			isa = XCConfigurationList;
			buildConfigurations = (
				A4D073FC1DDB1DEF008F5D86 /* Debug */,
				A4D073FD1DDB1DEF008F5D86 /* Release */,
			);
			defaultConfigurationIsVisible = 0;
			defaultConfigurationName = Release;
		};
		A4D073FE1DDB1DEF008F5D86 /* Build configuration list for PBXNativeTarget "JasperScholten-pset3" */ = {
			isa = XCConfigurationList;
			buildConfigurations = (
				A4D073FF1DDB1DEF008F5D86 /* Debug */,
				A4D074001DDB1DEF008F5D86 /* Release */,
			);
			defaultConfigurationIsVisible = 0;
		};
/* End XCConfigurationList section */
	};
	rootObject = A4D073E41DDB1DEF008F5D86 /* Project object */;
}
